
Microsoft Visual Studio Solution File, Format Version 12.00
# Visual Studio 14
VisualStudioVersion = 14.0.25420.1
MinimumVisualStudioVersion = 10.0.40219.1
Project("{2150E333-8FDC-42A3-9474-1A3956D46DE8}") = ".paket", ".paket", "{FDFA57C3-4710-44E1-B95A-42EACF918DB7}"
	ProjectSection(SolutionItems) = preProject
		paket.dependencies = paket.dependencies
	EndProjectSection
EndProject
Project("{F2A71F9B-5D33-465A-A702-920D77279786}") = "LogPoc", "LogPoc.fsproj", "{156001EC-53A6-4D8F-A8D1-4A38F842ACEB}"
EndProject
Global
	GlobalSection(SolutionConfigurationPlatforms) = preSolution
		Debug|Any CPU = Debug|Any CPU
		Release|Any CPU = Release|Any CPU
	EndGlobalSection
	GlobalSection(ProjectConfigurationPlatforms) = postSolution
		{156001EC-53A6-4D8F-A8D1-4A38F842ACEB}.Debug|Any CPU.ActiveCfg = Debug|Any CPU
		{156001EC-53A6-4D8F-A8D1-4A38F842ACEB}.Debug|Any CPU.Build.0 = Debug|Any CPU
		{156001EC-53A6-4D8F-A8D1-4A38F842ACEB}.Release|Any CPU.ActiveCfg = Release|Any CPU
		{156001EC-53A6-4D8F-A8D1-4A38F842ACEB}.Release|Any CPU.Build.0 = Release|Any CPU
	EndGlobalSection
	GlobalSection(SolutionProperties) = preSolution
		HideSolutionNode = FALSE
	EndGlobalSection
EndGlobal
